<?xml version="1.0" encoding="UTF-8" standalone="yes" ?>
<CodeBlocks_project_file>
	<FileVersion major="1" minor="6" />
	<Project>
		<Option title="k-Bottleneck_Steiner_Problem" />
		<Option pch_mode="2" />
		<Option compiler="gcc" />
		<Build>
			<Target title="Debug">
				<Option output="bin/Debug/k-Bottleneck_Steiner_Problem" prefix_auto="1" extension_auto="1" />
				<Option object_output="obj/Debug/" />
				<Option type="1" />
				<Option compiler="gcc" />
				<Compiler>
					<Add option="-g" />
				</Compiler>
			</Target>
			<Target title="Release">
				<Option output="bin/Release/k-Bottleneck_Steiner_Problem" prefix_auto="1" extension_auto="1" />
				<Option object_output="obj/Release/" />
				<Option type="1" />
				<Option compiler="gcc" />
				<Compiler>
					<Add option="-O2" />
				</Compiler>
				<Linker>
					<Add option="-s" />
				</Linker>
			</Target>
		</Build>
		<Compiler>
			<Add option="-Wall" />
			<Add option="-fexceptions" />
		</Compiler>
		<Unit filename="MSTheuristic.cpp" />
		<Unit filename="MSTheuristic.h" />
		<Unit filename="disjointSet.cpp" />
		<Unit filename="disjointSet.h" />
		<Unit filename="edge.cpp" />
		<Unit filename="edge.h" />
		<Unit filename="kruskal.cpp" />
		<Unit filename="kruskal.h" />
		<Unit filename="line.cpp" />
		<Unit filename="line.h" />
		<Unit filename="main.cpp" />
		<Unit filename="minimalSpanningTree.cpp" />
		<Unit filename="minimalSpanningTree.h" />
		<Unit filename="multiswarm.cpp" />
		<Unit filename="multiswarm.h" />
		<Unit filename="node.cpp" />
		<Unit filename="node.h" />
		<Unit filename="particle.cpp" />
		<Unit filename="particle.h" />
		<Unit filename="steinerTree.cpp" />
		<Unit filename="steinerTree.h" />
		<Unit filename="swarm.cpp" />
		<Unit filename="swarm.h" />
		<Unit filename="usableEdges.cpp" />
		<Unit filename="usableEdges.h" />
		<Extensions>
			<code_completion />
			<envvars />
			<debugger />
			<lib_finder disable_auto="1" />
		</Extensions>
	</Project>
</CodeBlocks_project_file>
